// !$*UTF8*$!
{
	archiveVersion = 1;
	classes = {
	};
	objectVersion = 46;
	objects = {

/* Begin PBXBuildFile section */
		6F1856A2199F279300D557B3 /* main.swift in Sources */ = {isa = PBXBuildFile; fileRef = 6F1856A1199F279300D557B3 /* main.swift */; };
		6F1856A4199F279300D557B3 /* AppDelegate.swift in Sources */ = {isa = PBXBuildFile; fileRef = 6F1856A3199F279300D557B3 /* AppDelegate.swift */; };
		6F1856A9199F279300D557B3 /* MainMenu.xib in Resources */ = {isa = PBXBuildFile; fileRef = 6F1856A7199F279300D557B3 /* MainMenu.xib */; };
		6F1856B5199F279300D557B3 /* PopupTestTests.swift in Sources */ = {isa = PBXBuildFile; fileRef = 6F1856B4199F279300D557B3 /* PopupTestTests.swift */; };
		6F1856F5199F283400D557B3 /* AXStatusItemPopup.m in Sources */ = {isa = PBXBuildFile; fileRef = 6F1856F4199F283400D557B3 /* AXStatusItemPopup.m */; };
		6F185700199F2A8E00D557B3 /* Images.xcassets in Resources */ = {isa = PBXBuildFile; fileRef = 6F1856FF199F2A8E00D557B3 /* Images.xcassets */; };
		6F185702199F2B1000D557B3 /* PopupView.xib in Resources */ = {isa = PBXBuildFile; fileRef = 6F185701199F2B1000D557B3 /* PopupView.xib */; };
		6F185704199F2B3E00D557B3 /* PopupViewController.swift in Sources */ = {isa = PBXBuildFile; fileRef = 6F185703199F2B3E00D557B3 /* PopupViewController.swift */; };
/* End PBXBuildFile section */

/* Begin PBXContainerItemProxy section */
		6F1856AF199F279300D557B3 /* PBXContainerItemProxy */ = {
			isa = PBXContainerItemProxy;
			containerPortal = 6F185694199F279300D557B3 /* Project object */;
			proxyType = 1;
			remoteGlobalIDString = 6F18569B199F279300D557B3;
			remoteInfo = PopupTest;
		};
/* End PBXContainerItemProxy section */

/* Begin PBXFileReference section */
		6F18569C199F279300D557B3 /* PopupTest.app */ = {isa = PBXFileReference; explicitFileType = wrapper.application; includeInIndex = 0; path = PopupTest.app; sourceTree = BUILT_PRODUCTS_DIR; };
		6F1856A0199F279300D557B3 /* Info.plist */ = {isa = PBXFileReference; lastKnownFileType = text.plist.xml; path = Info.plist; sourceTree = "<group>"; };
		6F1856A1199F279300D557B3 /* main.swift */ = {isa = PBXFileReference; lastKnownFileType = sourcecode.swift; path = main.swift; sourceTree = "<group>"; };
		6F1856A3199F279300D557B3 /* AppDelegate.swift */ = {isa = PBXFileReference; lastKnownFileType = sourcecode.swift; path = AppDelegate.swift; sourceTree = "<group>"; };
		6F1856A8199F279300D557B3 /* Base */ = {isa = PBXFileReference; lastKnownFileType = file.xib; name = Base; path = Base.lproj/MainMenu.xib; sourceTree = "<group>"; };
		6F1856AE199F279300D557B3 /* PopupTestTests.xctest */ = {isa = PBXFileReference; explicitFileType = wrapper.cfbundle; includeInIndex = 0; path = PopupTestTests.xctest; sourceTree = BUILT_PRODUCTS_DIR; };
		6F1856B3199F279300D557B3 /* Info.plist */ = {isa = PBXFileReference; lastKnownFileType = text.plist.xml; path = Info.plist; sourceTree = "<group>"; };
		6F1856B4199F279300D557B3 /* PopupTestTests.swift */ = {isa = PBXFileReference; lastKnownFileType = sourcecode.swift; path = PopupTestTests.swift; sourceTree = "<group>"; };
		6F1856F3199F283400D557B3 /* AXStatusItemPopup.h */ = {isa = PBXFileReference; fileEncoding = 4; lastKnownFileType = sourcecode.c.h; path = AXStatusItemPopup.h; sourceTree = "<group>"; };
		6F1856F4199F283400D557B3 /* AXStatusItemPopup.m */ = {isa = PBXFileReference; fileEncoding = 4; lastKnownFileType = sourcecode.c.objc; path = AXStatusItemPopup.m; sourceTree = "<group>"; };
		6F1856F6199F287400D557B3 /* PopupTest-Bridging-Header.h */ = {isa = PBXFileReference; lastKnownFileType = sourcecode.c.h; path = "PopupTest-Bridging-Header.h"; sourceTree = "<group>"; };
		6F1856FF199F2A8E00D557B3 /* Images.xcassets */ = {isa = PBXFileReference; lastKnownFileType = folder.assetcatalog; name = Images.xcassets; path = ../Images.xcassets; sourceTree = "<group>"; };
		6F185701199F2B1000D557B3 /* PopupView.xib */ = {isa = PBXFileReference; fileEncoding = 4; lastKnownFileType = file.xib; path = PopupView.xib; sourceTree = "<group>"; };
		6F185703199F2B3E00D557B3 /* PopupViewController.swift */ = {isa = PBXFileReference; fileEncoding = 4; lastKnownFileType = sourcecode.swift; path = PopupViewController.swift; sourceTree = "<group>"; };
/* End PBXFileReference section */

/* Begin PBXFrameworksBuildPhase section */
		6F185699199F279300D557B3 /* Frameworks */ = {
			isa = PBXFrameworksBuildPhase;
			buildActionMask = 2147483647;
			files = (
			);
			runOnlyForDeploymentPostprocessing = 0;
		};
		6F1856AB199F279300D557B3 /* Frameworks */ = {
			isa = PBXFrameworksBuildPhase;
			buildActionMask = 2147483647;
			files = (
			);
			runOnlyForDeploymentPostprocessing = 0;
		};
/* End PBXFrameworksBuildPhase section */

/* Begin PBXGroup section */
		6F185693199F279300D557B3 = {
			isa = PBXGroup;
			children = (
				6F1856F6199F287400D557B3 /* PopupTest-Bridging-Header.h */,
				6F18569E199F279300D557B3 /* PopupTest */,
				6F1856F2199F283400D557B3 /* AXStatusItemPopup */,
				6F1856B1199F279300D557B3 /* PopupTestTests */,
				6F18569D199F279300D557B3 /* Products */,
			);
			sourceTree = "<group>";
		};
		6F18569D199F279300D557B3 /* Products */ = {
			isa = PBXGroup;
			children = (
				6F18569C199F279300D557B3 /* PopupTest.app */,
				6F1856AE199F279300D557B3 /* PopupTestTests.xctest */,
			);
			name = Products;
			sourceTree = "<group>";
		};
		6F18569E199F279300D557B3 /* PopupTest */ = {
			isa = PBXGroup;
			children = (
				6F1856A3199F279300D557B3 /* AppDelegate.swift */,
				6F1856A7199F279300D557B3 /* MainMenu.xib */,
				6F185705199F2BBB00D557B3 /* PoppuView */,
				6F18569F199F279300D557B3 /* Supporting Files */,
			);
			path = PopupTest;
			sourceTree = "<group>";
		};
		6F18569F199F279300D557B3 /* Supporting Files */ = {
			isa = PBXGroup;
			children = (
				6F1856FF199F2A8E00D557B3 /* Images.xcassets */,
				6F1856A0199F279300D557B3 /* Info.plist */,
				6F1856A1199F279300D557B3 /* main.swift */,
			);
			name = "Supporting Files";
			sourceTree = "<group>";
		};
		6F1856B1199F279300D557B3 /* PopupTestTests */ = {
			isa = PBXGroup;
			children = (
				6F1856B4199F279300D557B3 /* PopupTestTests.swift */,
				6F1856B2199F279300D557B3 /* Supporting Files */,
			);
			path = PopupTestTests;
			sourceTree = "<group>";
		};
		6F1856B2199F279300D557B3 /* Supporting Files */ = {
			isa = PBXGroup;
			children = (
				6F1856B3199F279300D557B3 /* Info.plist */,
			);
			name = "Supporting Files";
			sourceTree = "<group>";
		};
		6F1856F2199F283400D557B3 /* AXStatusItemPopup */ = {
			isa = PBXGroup;
			children = (
				6F1856F3199F283400D557B3 /* AXStatusItemPopup.h */,
				6F1856F4199F283400D557B3 /* AXStatusItemPopup.m */,
			);
			name = AXStatusItemPopup;
			path = AXStatusItemPopup/AXStatusItemPopup;
			sourceTree = "<group>";
		};
		6F185705199F2BBB00D557B3 /* PoppuView */ = {
			isa = PBXGroup;
			children = (
				6F185701199F2B1000D557B3 /* PopupView.xib */,
				6F185703199F2B3E00D557B3 /* PopupViewController.swift */,
			);
			name = PoppuView;
			sourceTree = "<group>";
		};
/* End PBXGroup section */

/* Begin PBXNativeTarget section */
		6F18569B199F279300D557B3 /* PopupTest */ = {
			isa = PBXNativeTarget;
			buildConfigurationList = 6F1856B8199F279300D557B3 /* Build configuration list for PBXNativeTarget "PopupTest" */;
			buildPhases = (
				6F185698199F279300D557B3 /* Sources */,
				6F185699199F279300D557B3 /* Frameworks */,
				6F18569A199F279300D557B3 /* Resources */,
			);
			buildRules = (
			);
			dependencies = (
			);
			name = PopupTest;
			productName = PopupTest;
			productReference = 6F18569C199F279300D557B3 /* PopupTest.app */;
			productType = "com.apple.product-type.application";
		};
		6F1856AD199F279300D557B3 /* PopupTestTests */ = {
			isa = PBXNativeTarget;
			buildConfigurationList = 6F1856BB199F279300D557B3 /* Build configuration list for PBXNativeTarget "PopupTestTests" */;
			buildPhases = (
				6F1856AA199F279300D557B3 /* Sources */,
				6F1856AB199F279300D557B3 /* Frameworks */,
				6F1856AC199F279300D557B3 /* Resources */,
			);
			buildRules = (
			);
			dependencies = (
				6F1856B0199F279300D557B3 /* PBXTargetDependency */,
			);
			name = PopupTestTests;
			productName = PopupTestTests;
			productReference = 6F1856AE199F279300D557B3 /* PopupTestTests.xctest */;
			productType = "com.apple.product-type.bundle.unit-test";
		};
/* End PBXNativeTarget section */

/* Begin PBXProject section */
		6F185694199F279300D557B3 /* Project object */ = {
			isa = PBXProject;
			attributes = {
				LastUpgradeCheck = 0600;
				ORGANIZATIONNAME = Marmaladesoul;
				TargetAttributes = {
					6F18569B199F279300D557B3 = {
						CreatedOnToolsVersion = 6.0;
					};
					6F1856AD199F279300D557B3 = {
						CreatedOnToolsVersion = 6.0;
						TestTargetID = 6F18569B199F279300D557B3;
					};
				};
			};
			buildConfigurationList = 6F185697199F279300D557B3 /* Build configuration list for PBXProject "PopupTest" */;
			compatibilityVersion = "Xcode 3.2";
			developmentRegion = English;
			hasScannedForEncodings = 0;
			knownRegions = (
				en,
				Base,
			);
			mainGroup = 6F185693199F279300D557B3;
			productRefGroup = 6F18569D199F279300D557B3 /* Products */;
			projectDirPath = "";
			projectRoot = "";
			targets = (
				6F18569B199F279300D557B3 /* PopupTest */,
				6F1856AD199F279300D557B3 /* PopupTestTests */,
			);
		};
/* End PBXProject section */

/* Begin PBXResourcesBuildPhase section */
		6F18569A199F279300D557B3 /* Resources */ = {
			isa = PBXResourcesBuildPhase;
			buildActionMask = 2147483647;
			files = (
				6F185702199F2B1000D557B3 /* PopupView.xib in Resources */,
				6F185700199F2A8E00D557B3 /* Images.xcassets in Resources */,
				6F1856A9199F279300D557B3 /* MainMenu.xib in Resources */,
			);
			runOnlyForDeploymentPostprocessing = 0;
		};
		6F1856AC199F279300D557B3 /* Resources */ = {
			isa = PBXResourcesBuildPhase;
			buildActionMask = 2147483647;
			files = (
			);
			runOnlyForDeploymentPostprocessing = 0;
		};
/* End PBXResourcesBuildPhase section */

/* Begin PBXSourcesBuildPhase section */
		6F185698199F279300D557B3 /* Sources */ = {
			isa = PBXSourcesBuildPhase;
			buildActionMask = 2147483647;
			files = (
				6F1856A4199F279300D557B3 /* AppDelegate.swift in Sources */,
				6F1856F5199F283400D557B3 /* AXStatusItemPopup.m in Sources */,
				6F1856A2199F279300D557B3 /* main.swift in Sources */,
				6F185704199F2B3E00D557B3 /* PopupViewController.swift in Sources */,
			);
			runOnlyForDeploymentPostprocessing = 0;
		};
		6F1856AA199F279300D557B3 /* Sources */ = {
			isa = PBXSourcesBuildPhase;
			buildActionMask = 2147483647;
			files = (
				6F1856B5199F279300D557B3 /* PopupTestTests.swift in Sources */,
			);
			runOnlyForDeploymentPostprocessing = 0;
		};
/* End PBXSourcesBuildPhase section */

/* Begin PBXTargetDependency section */
		6F1856B0199F279300D557B3 /* PBXTargetDependency */ = {
			isa = PBXTargetDependency;
			target = 6F18569B199F279300D557B3 /* PopupTest */;
			targetProxy = 6F1856AF199F279300D557B3 /* PBXContainerItemProxy */;
		};
/* End PBXTargetDependency section */

/* Begin PBXVariantGroup section */
		6F1856A7199F279300D557B3 /* MainMenu.xib */ = {
			isa = PBXVariantGroup;
			children = (
				6F1856A8199F279300D557B3 /* Base */,
			);
			name = MainMenu.xib;
			sourceTree = "<group>";
		};
/* End PBXVariantGroup section */

/* Begin XCBuildConfiguration section */
		6F1856B6199F279300D557B3 /* Debug */ = {
			isa = XCBuildConfiguration;
			buildSettings = {
				ALWAYS_SEARCH_USER_PATHS = NO;
				CLANG_CXX_LANGUAGE_STANDARD = "gnu++0x";
				CLANG_CXX_LIBRARY = "libc++";
				CLANG_ENABLE_MODULES = YES;
				CLANG_ENABLE_OBJC_ARC = YES;
				CLANG_WARN_BOOL_CONVERSION = YES;
				CLANG_WARN_CONSTANT_CONVERSION = YES;
				CLANG_WARN_DIRECT_OBJC_ISA_USAGE = YES_ERROR;
				CLANG_WARN_EMPTY_BODY = YES;
				CLANG_WARN_ENUM_CONVERSION = YES;
				CLANG_WARN_INT_CONVERSION = YES;
				CLANG_WARN_OBJC_ROOT_CLASS = YES_ERROR;
				CLANG_WARN_UNREACHABLE_CODE = YES;
				CLANG_WARN__DUPLICATE_METHOD_MATCH = YES;
				CODE_SIGN_IDENTITY = "-";
				COPY_PHASE_STRIP = NO;
				ENABLE_STRICT_OBJC_MSGSEND = YES;
				GCC_C_LANGUAGE_STANDARD = gnu99;
				GCC_DYNAMIC_NO_PIC = NO;
				GCC_OPTIMIZATION_LEVEL = 0;
				GCC_PREPROCESSOR_DEFINITIONS = (
					"DEBUG=1",
					"$(inherited)",
				);
				GCC_SYMBOLS_PRIVATE_EXTERN = NO;
				GCC_WARN_64_TO_32_BIT_CONVERSION = YES;
				GCC_WARN_ABOUT_RETURN_TYPE = YES_ERROR;
				GCC_WARN_UNDECLARED_SELECTOR = YES;
				GCC_WARN_UNINITIALIZED_AUTOS = YES_AGGRESSIVE;
				GCC_WARN_UNUSED_FUNCTION = YES;
				GCC_WARN_UNUSED_VARIABLE = YES;
				MACOSX_DEPLOYMENT_TARGET = 10.10;
				MTL_ENABLE_DEBUG_INFO = YES;
				ONLY_ACTIVE_ARCH = YES;
				SDKROOT = macosx;
				SWIFT_OPTIMIZATION_LEVEL = "-Onone";
			};
			name = Debug;
		};
		6F1856B7199F279300D557B3 /* Release */ = {
			isa = XCBuildConfiguration;
			buildSettings = {
				ALWAYS_SEARCH_USER_PATHS = NO;
				CLANG_CXX_LANGUAGE_STANDARD = "gnu++0x";
				CLANG_CXX_LIBRARY = "libc++";
				CLANG_ENABLE_MODULES = YES;
				CLANG_ENABLE_OBJC_ARC = YES;
				CLANG_WARN_BOOL_CONVERSION = YES;
				CLANG_WARN_CONSTANT_CONVERSION = YES;
				CLANG_WARN_DIRECT_OBJC_ISA_USAGE = YES_ERROR;
				CLANG_WARN_EMPTY_BODY = YES;
				CLANG_WARN_ENUM_CONVERSION = YES;
				CLANG_WARN_INT_CONVERSION = YES;
				CLANG_WARN_OBJC_ROOT_CLASS = YES_ERROR;
				CLANG_WARN_UNREACHABLE_CODE = YES;
				CLANG_WARN__DUPLICATE_METHOD_MATCH = YES;
				CODE_SIGN_IDENTITY = "-";
				COPY_PHASE_STRIP = YES;
				DEBUG_INFORMATION_FORMAT = "dwarf-with-dsym";
				ENABLE_NS_ASSERTIONS = NO;
				ENABLE_STRICT_OBJC_MSGSEND = YES;
				GCC_C_LANGUAGE_STANDARD = gnu99;
				GCC_WARN_64_TO_32_BIT_CONVERSION = YES;
				GCC_WARN_ABOUT_RETURN_TYPE = YES_ERROR;
				GCC_WARN_UNDECLARED_SELECTOR = YES;
				GCC_WARN_UNINITIALIZED_AUTOS = YES_AGGRESSIVE;
				GCC_WARN_UNUSED_FUNCTION = YES;
				GCC_WARN_UNUSED_VARIABLE = YES;
				MACOSX_DEPLOYMENT_TARGET = 10.10;
				MTL_ENABLE_DEBUG_INFO = NO;
				SDKROOT = macosx;
			};
			name = Release;
		};
		6F1856B9199F279300D557B3 /* Debug */ = {
			isa = XCBuildConfiguration;
			buildSettings = {
				ASSETCATALOG_COMPILER_APPICON_NAME = AppIcon;
				COMBINE_HIDPI_IMAGES = YES;
				INFOPLIST_FILE = PopupTest/Info.plist;
				LD_RUNPATH_SEARCH_PATHS = "$(inherited) @executable_path/../Frameworks";
				PRODUCT_NAME = "$(TARGET_NAME)";
				SWIFT_OBJC_BRIDGING_HEADER = "PopupTest-Bridging-Header.h";
			};
			name = Debug;
		};
		6F1856BA199F279300D557B3 /* Release */ = {
			isa = XCBuildConfiguration;
			buildSettings = {
				ASSETCATALOG_COMPILER_APPICON_NAME = AppIcon;
				COMBINE_HIDPI_IMAGES = YES;
				INFOPLIST_FILE = PopupTest/Info.plist;
				LD_RUNPATH_SEARCH_PATHS = "$(inherited) @executable_path/../Frameworks";
				PRODUCT_NAME = "$(TARGET_NAME)";
				SWIFT_OBJC_BRIDGING_HEADER = "PopupTest-Bridging-Header.h";
			};
			name = Release;
		};
		6F1856BC199F279300D557B3 /* Debug */ = {
			isa = XCBuildConfiguration;
			buildSettings = {
				BUNDLE_LOADER = "$(TEST_HOST)";
				COMBINE_HIDPI_IMAGES = YES;
				FRAMEWORK_SEARCH_PATHS = (
					"$(DEVELOPER_FRAMEWORKS_DIR)",
					"$(inherited)",
				);
				GCC_PREPROCESSOR_DEFINITIONS = (
					"DEBUG=1",
					"$(inherited)",
				);
				INFOPLIST_FILE = PopupTestTests/Info.plist;
				LD_RUNPATH_SEARCH_PATHS = "$(inherited) @executable_path/../Frameworks @loader_path/../Frameworks";
				PRODUCT_NAME = "$(TARGET_NAME)";
				TEST_HOST = "$(BUILT_PRODUCTS_DIR)/PopupTest.app/Contents/MacOS/PopupTest";
			};
			name = Debug;
		};
		6F1856BD199F279300D557B3 /* Release */ = {
			isa = XCBuildConfiguration;
			buildSettings = {
				BUNDLE_LOADER = "$(TEST_HOST)";
				COMBINE_HIDPI_IMAGES = YES;
				FRAMEWORK_SEARCH_PATHS = (
					"$(DEVELOPER_FRAMEWORKS_DIR)",
					"$(inherited)",
				);
				INFOPLIST_FILE = PopupTestTests/Info.plist;
				LD_RUNPATH_SEARCH_PATHS = "$(inherited) @executable_path/../Frameworks @loader_path/../Frameworks";
				PRODUCT_NAME = "$(TARGET_NAME)";
				TEST_HOST = "$(BUILT_PRODUCTS_DIR)/PopupTest.app/Contents/MacOS/PopupTest";
			};
			name = Release;
		};
/* End XCBuildConfiguration section */

/* Begin XCConfigurationList section */
		6F185697199F279300D557B3 /* Build configuration list for PBXProject "PopupTest" */ = {
			isa = XCConfigurationList;
			buildConfigurations = (
				6F1856B6199F279300D557B3 /* Debug */,
				6F1856B7199F279300D557B3 /* Release */,
			);
			defaultConfigurationIsVisible = 0;
			defaultConfigurationName = Release;
		};
		6F1856B8199F279300D557B3 /* Build configuration list for PBXNativeTarget "PopupTest" */ = {
			isa = XCConfigurationList;
			buildConfigurations = (
				6F1856B9199F279300D557B3 /* Debug */,
				6F1856BA199F279300D557B3 /* Release */,
			);
			defaultConfigurationIsVisible = 0;
		};
		6F1856BB199F279300D557B3 /* Build configuration list for PBXNativeTarget "PopupTestTests" */ = {
			isa = XCConfigurationList;
			buildConfigurations = (
				6F1856BC199F279300D557B3 /* Debug */,
				6F1856BD199F279300D557B3 /* Release */,
			);
			defaultConfigurationIsVisible = 0;
		};
/* End XCConfigurationList section */
	};
	rootObject = 6F185694199F279300D557B3 /* Project object */;
}
